
Microsoft Visual Studio Solution File, Format Version 12.00
# Visual Studio 14
VisualStudioVersion = 14.0.25420.1
MinimumVisualStudioVersion = 10.0.40219.1
Project("{FAE04EC0-301F-11D3-BF4B-00C04F79EFBC}") = "PecoOnlineScraper", "PecoOnlineScraper\PecoOnlineScraper.csproj", "{73B9EB2F-C3DD-486C-9C8C-D615118F8173}"
EndProject
Project("{FAE04EC0-301F-11D3-BF4B-00C04F79EFBC}") = "WebDriverHelpers", "WebDriverExtensions\WebDriverHelpers.csproj", "{510B776F-D801-4C0D-8745-5AC7685898E1}"
EndProject
Project("{FAE04EC0-301F-11D3-BF4B-00C04F79EFBC}") = "NavigationSteps", "NavigationSteps\NavigationSteps.csproj", "{8630B3F1-D3A4-4F31-9B19-4FF7EDC94D7A}"
EndProject
Project("{FAE04EC0-301F-11D3-BF4B-00C04F79EFBC}") = "ResultsSearch", "ResultsSearch\ResultsSearch.csproj", "{09B88682-2321-4026-AF8A-99CCFB58BFFA}"
EndProject
Project("{FAE04EC0-301F-11D3-BF4B-00C04F79EFBC}") = "PecoOnlineSearch", "PecoOnlineSearch\PecoOnlineSearch.csproj", "{30CC5656-B3C2-4BD7-9961-A0EA663ABB54}"
EndProject
Project("{FAE04EC0-301F-11D3-BF4B-00C04F79EFBC}") = "SearchData", "SearchData\SearchData.csproj", "{B33521F2-7EF6-4FFC-B987-4805B7B4D83E}"
EndProject
Project("{FAE04EC0-301F-11D3-BF4B-00C04F79EFBC}") = "ResultsSave", "ResultsSave\ResultsSave.csproj", "{ECDD4463-FD5D-4862-8AFC-34A38A99B34A}"
EndProject
Global
	GlobalSection(SolutionConfigurationPlatforms) = preSolution
		Debug|Any CPU = Debug|Any CPU
		Release|Any CPU = Release|Any CPU
	EndGlobalSection
	GlobalSection(ProjectConfigurationPlatforms) = postSolution
		{73B9EB2F-C3DD-486C-9C8C-D615118F8173}.Debug|Any CPU.ActiveCfg = Debug|Any CPU
		{73B9EB2F-C3DD-486C-9C8C-D615118F8173}.Debug|Any CPU.Build.0 = Debug|Any CPU
		{73B9EB2F-C3DD-486C-9C8C-D615118F8173}.Release|Any CPU.ActiveCfg = Release|Any CPU
		{73B9EB2F-C3DD-486C-9C8C-D615118F8173}.Release|Any CPU.Build.0 = Release|Any CPU
		{510B776F-D801-4C0D-8745-5AC7685898E1}.Debug|Any CPU.ActiveCfg = Debug|Any CPU
		{510B776F-D801-4C0D-8745-5AC7685898E1}.Debug|Any CPU.Build.0 = Debug|Any CPU
		{510B776F-D801-4C0D-8745-5AC7685898E1}.Release|Any CPU.ActiveCfg = Release|Any CPU
		{510B776F-D801-4C0D-8745-5AC7685898E1}.Release|Any CPU.Build.0 = Release|Any CPU
		{8630B3F1-D3A4-4F31-9B19-4FF7EDC94D7A}.Debug|Any CPU.ActiveCfg = Debug|Any CPU
		{8630B3F1-D3A4-4F31-9B19-4FF7EDC94D7A}.Debug|Any CPU.Build.0 = Debug|Any CPU
		{8630B3F1-D3A4-4F31-9B19-4FF7EDC94D7A}.Release|Any CPU.ActiveCfg = Release|Any CPU
		{8630B3F1-D3A4-4F31-9B19-4FF7EDC94D7A}.Release|Any CPU.Build.0 = Release|Any CPU
		{09B88682-2321-4026-AF8A-99CCFB58BFFA}.Debug|Any CPU.ActiveCfg = Debug|Any CPU
		{09B88682-2321-4026-AF8A-99CCFB58BFFA}.Debug|Any CPU.Build.0 = Debug|Any CPU
		{09B88682-2321-4026-AF8A-99CCFB58BFFA}.Release|Any CPU.ActiveCfg = Release|Any CPU
		{09B88682-2321-4026-AF8A-99CCFB58BFFA}.Release|Any CPU.Build.0 = Release|Any CPU
		{30CC5656-B3C2-4BD7-9961-A0EA663ABB54}.Debug|Any CPU.ActiveCfg = Debug|Any CPU
		{30CC5656-B3C2-4BD7-9961-A0EA663ABB54}.Debug|Any CPU.Build.0 = Debug|Any CPU
		{30CC5656-B3C2-4BD7-9961-A0EA663ABB54}.Release|Any CPU.ActiveCfg = Release|Any CPU
		{30CC5656-B3C2-4BD7-9961-A0EA663ABB54}.Release|Any CPU.Build.0 = Release|Any CPU
		{B33521F2-7EF6-4FFC-B987-4805B7B4D83E}.Debug|Any CPU.ActiveCfg = Debug|Any CPU
		{B33521F2-7EF6-4FFC-B987-4805B7B4D83E}.Debug|Any CPU.Build.0 = Debug|Any CPU
		{B33521F2-7EF6-4FFC-B987-4805B7B4D83E}.Release|Any CPU.ActiveCfg = Release|Any CPU
		{B33521F2-7EF6-4FFC-B987-4805B7B4D83E}.Release|Any CPU.Build.0 = Release|Any CPU
		{ECDD4463-FD5D-4862-8AFC-34A38A99B34A}.Debug|Any CPU.ActiveCfg = Debug|Any CPU
		{ECDD4463-FD5D-4862-8AFC-34A38A99B34A}.Debug|Any CPU.Build.0 = Debug|Any CPU
		{ECDD4463-FD5D-4862-8AFC-34A38A99B34A}.Release|Any CPU.ActiveCfg = Release|Any CPU
		{ECDD4463-FD5D-4862-8AFC-34A38A99B34A}.Release|Any CPU.Build.0 = Release|Any CPU
	EndGlobalSection
	GlobalSection(SolutionProperties) = preSolution
		HideSolutionNode = FALSE
	EndGlobalSection
EndGlobal
